
Microsoft Visual Studio Solution File, Format Version 12.00
# Visual Studio Version 17
VisualStudioVersion = 17.0.31903.59
MinimumVisualStudioVersion = 10.0.40219.1
Project("{9A19103F-16F7-4668-BE54-9A1E7A4F7556}") = "UtmBuilder.Core", "UtmBuilder.Core\UtmBuilder.Core.csproj", "{78AD56B5-FD66-4CC1-8AB5-37A517B57823}"
EndProject
Global
	GlobalSection(SolutionConfigurationPlatforms) = preSolution
		Debug|Any CPU = Debug|Any CPU
		Release|Any CPU = Release|Any CPU
	EndGlobalSection
	GlobalSection(ProjectConfigurationPlatforms) = postSolution
		{78AD56B5-FD66-4CC1-8AB5-37A517B57823}.Debug|Any CPU.ActiveCfg = Debug|Any CPU
		{78AD56B5-FD66-4CC1-8AB5-37A517B57823}.Debug|Any CPU.Build.0 = Debug|Any CPU
		{78AD56B5-FD66-4CC1-8AB5-37A517B57823}.Release|Any CPU.ActiveCfg = Release|Any CPU
		{78AD56B5-FD66-4CC1-8AB5-37A517B57823}.Release|Any CPU.Build.0 = Release|Any CPU
	EndGlobalSection
	GlobalSection(SolutionProperties) = preSolution
		HideSolutionNode = FALSE
	EndGlobalSection
	GlobalSection(ExtensibilityGlobals) = postSolution
		SolutionGuid = {F663AEE3-00E5-494B-BEF5-570DDB998F85}
	EndGlobalSection
EndGlobal
