
Microsoft Visual Studio Solution File, Format Version 12.00
# Visual Studio Version 17
VisualStudioVersion = 17.0.31903.59
MinimumVisualStudioVersion = 10.0.40219.1
Project("{FAE04EC0-301F-11D3-BF4B-00C04F79EFBC}") = "Store.Domain", "Store.Domain\Store.Domain.csproj", "{1BD882AB-261B-4AF1-B373-12C96E01E0B1}"
EndProject
Project("{FAE04EC0-301F-11D3-BF4B-00C04F79EFBC}") = "Store.Tests", "Store.Tests\Store.Tests.csproj", "{0631B878-A3FA-4A21-8170-822B3127DDD8}"
EndProject
Global
	GlobalSection(SolutionConfigurationPlatforms) = preSolution
		Debug|Any CPU = Debug|Any CPU
		Release|Any CPU = Release|Any CPU
	EndGlobalSection
	GlobalSection(SolutionProperties) = preSolution
		HideSolutionNode = FALSE
	EndGlobalSection
	GlobalSection(ProjectConfigurationPlatforms) = postSolution
		{1BD882AB-261B-4AF1-B373-12C96E01E0B1}.Debug|Any CPU.ActiveCfg = Debug|Any CPU
		{1BD882AB-261B-4AF1-B373-12C96E01E0B1}.Debug|Any CPU.Build.0 = Debug|Any CPU
		{1BD882AB-261B-4AF1-B373-12C96E01E0B1}.Release|Any CPU.ActiveCfg = Release|Any CPU
		{1BD882AB-261B-4AF1-B373-12C96E01E0B1}.Release|Any CPU.Build.0 = Release|Any CPU
		{0631B878-A3FA-4A21-8170-822B3127DDD8}.Debug|Any CPU.ActiveCfg = Debug|Any CPU
		{0631B878-A3FA-4A21-8170-822B3127DDD8}.Debug|Any CPU.Build.0 = Debug|Any CPU
		{0631B878-A3FA-4A21-8170-822B3127DDD8}.Release|Any CPU.ActiveCfg = Release|Any CPU
		{0631B878-A3FA-4A21-8170-822B3127DDD8}.Release|Any CPU.Build.0 = Release|Any CPU
	EndGlobalSection
EndGlobal
