
Microsoft Visual Studio Solution File, Format Version 12.00
# Visual Studio Version 17
VisualStudioVersion = 17.5.001.0
MinimumVisualStudioVersion = 10.0.40219.1
Project("{9A19103F-16F7-4668-BE54-9A1E7A4F7556}") = "MyCustomPrivatePackage", "MyCustomPrivatePackage.csproj", "{E2F42AA7-5B2A-459C-9D01-CD39051E5B6D}"
EndProject
Global
	GlobalSection(SolutionConfigurationPlatforms) = preSolution
		Debug|Any CPU = Debug|Any CPU
		Release|Any CPU = Release|Any CPU
	EndGlobalSection
	GlobalSection(ProjectConfigurationPlatforms) = postSolution
		{E2F42AA7-5B2A-459C-9D01-CD39051E5B6D}.Debug|Any CPU.ActiveCfg = Debug|Any CPU
		{E2F42AA7-5B2A-459C-9D01-CD39051E5B6D}.Debug|Any CPU.Build.0 = Debug|Any CPU
		{E2F42AA7-5B2A-459C-9D01-CD39051E5B6D}.Release|Any CPU.ActiveCfg = Release|Any CPU
		{E2F42AA7-5B2A-459C-9D01-CD39051E5B6D}.Release|Any CPU.Build.0 = Release|Any CPU
	EndGlobalSection
	GlobalSection(SolutionProperties) = preSolution
		HideSolutionNode = FALSE
	EndGlobalSection
	GlobalSection(ExtensibilityGlobals) = postSolution
		SolutionGuid = {170C6615-ED3A-4115-BCC5-AAB122D51E22}
	EndGlobalSection
EndGlobal
