
Microsoft Visual Studio Solution File, Format Version 12.00
# Visual Studio Version 17
VisualStudioVersion = 17.0.31903.59
MinimumVisualStudioVersion = 10.0.40219.1
Project("{FAE04EC0-301F-11D3-BF4B-00C04F79EFBC}") = "PaymentContext.Domain", "PaymentContext.Domain\PaymentContext.Domain.csproj", "{6359E981-1CAD-4C53-B6C3-DB3A05652934}"
EndProject
Project("{FAE04EC0-301F-11D3-BF4B-00C04F79EFBC}") = "PaymentContext.Shared", "PaymentContext.Shared\PaymentContext.Shared.csproj", "{B8566669-4F7E-414B-8377-0483692D1E86}"
EndProject
Project("{FAE04EC0-301F-11D3-BF4B-00C04F79EFBC}") = "PaymentContext.Tests", "PaymentContext.Tests\PaymentContext.Tests.csproj", "{DD829C90-B54D-42D4-BED7-5A08E5A74C65}"
EndProject
Global
	GlobalSection(SolutionConfigurationPlatforms) = preSolution
		Debug|Any CPU = Debug|Any CPU
		Release|Any CPU = Release|Any CPU
	EndGlobalSection
	GlobalSection(SolutionProperties) = preSolution
		HideSolutionNode = FALSE
	EndGlobalSection
	GlobalSection(ProjectConfigurationPlatforms) = postSolution
		{6359E981-1CAD-4C53-B6C3-DB3A05652934}.Debug|Any CPU.ActiveCfg = Debug|Any CPU
		{6359E981-1CAD-4C53-B6C3-DB3A05652934}.Debug|Any CPU.Build.0 = Debug|Any CPU
		{6359E981-1CAD-4C53-B6C3-DB3A05652934}.Release|Any CPU.ActiveCfg = Release|Any CPU
		{6359E981-1CAD-4C53-B6C3-DB3A05652934}.Release|Any CPU.Build.0 = Release|Any CPU
		{B8566669-4F7E-414B-8377-0483692D1E86}.Debug|Any CPU.ActiveCfg = Debug|Any CPU
		{B8566669-4F7E-414B-8377-0483692D1E86}.Debug|Any CPU.Build.0 = Debug|Any CPU
		{B8566669-4F7E-414B-8377-0483692D1E86}.Release|Any CPU.ActiveCfg = Release|Any CPU
		{B8566669-4F7E-414B-8377-0483692D1E86}.Release|Any CPU.Build.0 = Release|Any CPU
		{DD829C90-B54D-42D4-BED7-5A08E5A74C65}.Debug|Any CPU.ActiveCfg = Debug|Any CPU
		{DD829C90-B54D-42D4-BED7-5A08E5A74C65}.Debug|Any CPU.Build.0 = Debug|Any CPU
		{DD829C90-B54D-42D4-BED7-5A08E5A74C65}.Release|Any CPU.ActiveCfg = Release|Any CPU
		{DD829C90-B54D-42D4-BED7-5A08E5A74C65}.Release|Any CPU.Build.0 = Release|Any CPU
	EndGlobalSection
EndGlobal
