
Microsoft Visual Studio Solution File, Format Version 12.00
# Visual Studio Version 17
VisualStudioVersion = 17.5.33530.505
MinimumVisualStudioVersion = 10.0.40219.1
Project("{9A19103F-16F7-4668-BE54-9A1E7A4F7556}") = "Blog", "Blog.csproj", "{887320AC-6729-4F62-B0B7-4CF8925BE0FF}"
EndProject
Global
	GlobalSection(SolutionConfigurationPlatforms) = preSolution
		Debug|Any CPU = Debug|Any CPU
		Release|Any CPU = Release|Any CPU
	EndGlobalSection
	GlobalSection(ProjectConfigurationPlatforms) = postSolution
		{887320AC-6729-4F62-B0B7-4CF8925BE0FF}.Debug|Any CPU.ActiveCfg = Debug|Any CPU
		{887320AC-6729-4F62-B0B7-4CF8925BE0FF}.Debug|Any CPU.Build.0 = Debug|Any CPU
		{887320AC-6729-4F62-B0B7-4CF8925BE0FF}.Release|Any CPU.ActiveCfg = Release|Any CPU
		{887320AC-6729-4F62-B0B7-4CF8925BE0FF}.Release|Any CPU.Build.0 = Release|Any CPU
	EndGlobalSection
	GlobalSection(SolutionProperties) = preSolution
		HideSolutionNode = FALSE
	EndGlobalSection
	GlobalSection(ExtensibilityGlobals) = postSolution
		SolutionGuid = {E02FF816-60C8-4941-8CE3-45B84FD4F825}
	EndGlobalSection
EndGlobal
