
Microsoft Visual Studio Solution File, Format Version 12.00
# Visual Studio Version 17
VisualStudioVersion = 17.5.001.0
MinimumVisualStudioVersion = 10.0.40219.1
Project("{9A19103F-16F7-4668-BE54-9A1E7A4F7556}") = "balta-git-azure-devops", "balta-git-azure-devops.csproj", "{17F4AF46-A7AC-46D1-870F-6586B076DAA5}"
EndProject
Global
	GlobalSection(SolutionConfigurationPlatforms) = preSolution
		Debug|Any CPU = Debug|Any CPU
		Release|Any CPU = Release|Any CPU
	EndGlobalSection
	GlobalSection(ProjectConfigurationPlatforms) = postSolution
		{17F4AF46-A7AC-46D1-870F-6586B076DAA5}.Debug|Any CPU.ActiveCfg = Debug|Any CPU
		{17F4AF46-A7AC-46D1-870F-6586B076DAA5}.Debug|Any CPU.Build.0 = Debug|Any CPU
		{17F4AF46-A7AC-46D1-870F-6586B076DAA5}.Release|Any CPU.ActiveCfg = Release|Any CPU
		{17F4AF46-A7AC-46D1-870F-6586B076DAA5}.Release|Any CPU.Build.0 = Release|Any CPU
	EndGlobalSection
	GlobalSection(SolutionProperties) = preSolution
		HideSolutionNode = FALSE
	EndGlobalSection
	GlobalSection(ExtensibilityGlobals) = postSolution
		SolutionGuid = {A6F0A772-6015-42E0-8AC5-3A50158DBAFC}
	EndGlobalSection
EndGlobal
